
Microsoft Visual Studio Solution File, Format Version 12.00
# Visual Studio Version 17
VisualStudioVersion = 17.8.34309.116
MinimumVisualStudioVersion = 10.0.40219.1
Project("{9A19103F-16F7-4668-BE54-9A1E7A4F7556}") = "PomiConsole", "PomiConsole\PomiConsole.csproj", "{9D74A0EC-6DBD-4AB4-ACF7-5FBA4AA0BA60}"
EndProject
Project("{9A19103F-16F7-4668-BE54-9A1E7A4F7556}") = "PomiGeometry", "PomiGeometry\PomiGeometry.csproj", "{9CDD8017-19A0-4517-A033-ACA0066E8C62}"
EndProject
Project("{FAE04EC0-301F-11D3-BF4B-00C04F79EFBC}") = "PomiWinForm", "PomiWinForm\PomiWinForm.csproj", "{F46961CD-94C7-40DE-B206-7D6A99FA2B77}"
EndProject
Project("{FAE04EC0-301F-11D3-BF4B-00C04F79EFBC}") = "MailSystem", "MailSystem\MailSystem.csproj", "{FFF3400F-4771-45C3-A3E1-C7AA57545E4A}"
EndProject
Global
	GlobalSection(SolutionConfigurationPlatforms) = preSolution
		Debug|Any CPU = Debug|Any CPU
		Release|Any CPU = Release|Any CPU
	EndGlobalSection
	GlobalSection(ProjectConfigurationPlatforms) = postSolution
		{9D74A0EC-6DBD-4AB4-ACF7-5FBA4AA0BA60}.Debug|Any CPU.ActiveCfg = Debug|Any CPU
		{9D74A0EC-6DBD-4AB4-ACF7-5FBA4AA0BA60}.Debug|Any CPU.Build.0 = Debug|Any CPU
		{9D74A0EC-6DBD-4AB4-ACF7-5FBA4AA0BA60}.Release|Any CPU.ActiveCfg = Release|Any CPU
		{9D74A0EC-6DBD-4AB4-ACF7-5FBA4AA0BA60}.Release|Any CPU.Build.0 = Release|Any CPU
		{9CDD8017-19A0-4517-A033-ACA0066E8C62}.Debug|Any CPU.ActiveCfg = Debug|Any CPU
		{9CDD8017-19A0-4517-A033-ACA0066E8C62}.Debug|Any CPU.Build.0 = Debug|Any CPU
		{9CDD8017-19A0-4517-A033-ACA0066E8C62}.Release|Any CPU.ActiveCfg = Release|Any CPU
		{9CDD8017-19A0-4517-A033-ACA0066E8C62}.Release|Any CPU.Build.0 = Release|Any CPU
		{F46961CD-94C7-40DE-B206-7D6A99FA2B77}.Debug|Any CPU.ActiveCfg = Debug|Any CPU
		{F46961CD-94C7-40DE-B206-7D6A99FA2B77}.Debug|Any CPU.Build.0 = Debug|Any CPU
		{F46961CD-94C7-40DE-B206-7D6A99FA2B77}.Release|Any CPU.ActiveCfg = Release|Any CPU
		{F46961CD-94C7-40DE-B206-7D6A99FA2B77}.Release|Any CPU.Build.0 = Release|Any CPU
		{FFF3400F-4771-45C3-A3E1-C7AA57545E4A}.Debug|Any CPU.ActiveCfg = Debug|Any CPU
		{FFF3400F-4771-45C3-A3E1-C7AA57545E4A}.Debug|Any CPU.Build.0 = Debug|Any CPU
		{FFF3400F-4771-45C3-A3E1-C7AA57545E4A}.Release|Any CPU.ActiveCfg = Release|Any CPU
		{FFF3400F-4771-45C3-A3E1-C7AA57545E4A}.Release|Any CPU.Build.0 = Release|Any CPU
	EndGlobalSection
	GlobalSection(SolutionProperties) = preSolution
		HideSolutionNode = FALSE
	EndGlobalSection
	GlobalSection(ExtensibilityGlobals) = postSolution
		SolutionGuid = {356EF2D4-C7ED-4073-BBCF-6965636D3340}
	EndGlobalSection
EndGlobal
